{
  "originHash" : "0cdfd7c1e1570ccb4e6dbf62c39f30e0338318da61bd31cab2de3de502caa02c",
  "pins" : [
    {
      "identity" : "swift-cmark",
      "kind" : "remoteSourceControl",
      "location" : "https://github.com/swiftlang/swift-cmark",
      "state" : {
        "revision" : "5d9bdaa4228b381639fff09403e39a04926e2dbe",
        "version" : "0.7.1"
      }
    },
    {
      "identity" : "swiftui-math",
      "kind" : "remoteSourceControl",
      "location" : "https://github.com/sunvc/swiftui-math",
      "state" : {
        "revision" : "5c1bad6e6aafb90939e1c9a68f7c676cde1c5d10",
        "version" : "0.0.1"
      }
    }
  ],
  "version" : 3
}
